
Microsoft Visual Studio Solution File, Format Version 12.00
# Visual Studio Version 17
VisualStudioVersion = 17.10.35013.160
MinimumVisualStudioVersion = 10.0.40219.1
Project("{FAE04EC0-301F-11D3-BF4B-00C04F79EFBC}") = "GenericCooldownTracker", "GenericCooldownTracker\GenericCooldownTracker.csproj", "{07E45CA1-203C-4345-BAFE-D33EE348FE61}"
EndProject
Project("{FAE04EC0-301F-11D3-BF4B-00C04F79EFBC}") = "CooldownTrackerLib", "CooldownTrackerLib\CooldownTrackerLib.csproj", "{7E0A428A-8118-493F-84F2-565583C82416}"
EndProject
Project("{FAE04EC0-301F-11D3-BF4B-00C04F79EFBC}") = "IntegrationTest", "IntegrationTest\IntegrationTest.csproj", "{BA332FA6-65D9-4937-9FA2-7F5ACACED2E0}"
EndProject
Global
	GlobalSection(SolutionConfigurationPlatforms) = preSolution
		Debug|Any CPU = Debug|Any CPU
		Release|Any CPU = Release|Any CPU
	EndGlobalSection
	GlobalSection(ProjectConfigurationPlatforms) = postSolution
		{07E45CA1-203C-4345-BAFE-D33EE348FE61}.Debug|Any CPU.ActiveCfg = Debug|Any CPU
		{07E45CA1-203C-4345-BAFE-D33EE348FE61}.Debug|Any CPU.Build.0 = Debug|Any CPU
		{07E45CA1-203C-4345-BAFE-D33EE348FE61}.Release|Any CPU.ActiveCfg = Release|Any CPU
		{07E45CA1-203C-4345-BAFE-D33EE348FE61}.Release|Any CPU.Build.0 = Release|Any CPU
		{7E0A428A-8118-493F-84F2-565583C82416}.Debug|Any CPU.ActiveCfg = Debug|Any CPU
		{7E0A428A-8118-493F-84F2-565583C82416}.Debug|Any CPU.Build.0 = Debug|Any CPU
		{7E0A428A-8118-493F-84F2-565583C82416}.Release|Any CPU.ActiveCfg = Release|Any CPU
		{7E0A428A-8118-493F-84F2-565583C82416}.Release|Any CPU.Build.0 = Release|Any CPU
		{BA332FA6-65D9-4937-9FA2-7F5ACACED2E0}.Debug|Any CPU.ActiveCfg = Debug|Any CPU
		{BA332FA6-65D9-4937-9FA2-7F5ACACED2E0}.Debug|Any CPU.Build.0 = Debug|Any CPU
		{BA332FA6-65D9-4937-9FA2-7F5ACACED2E0}.Release|Any CPU.ActiveCfg = Release|Any CPU
		{BA332FA6-65D9-4937-9FA2-7F5ACACED2E0}.Release|Any CPU.Build.0 = Release|Any CPU
	EndGlobalSection
	GlobalSection(SolutionProperties) = preSolution
		HideSolutionNode = FALSE
	EndGlobalSection
	GlobalSection(ExtensibilityGlobals) = postSolution
		SolutionGuid = {2902EFEA-552A-4002-A3A1-5B0A4A7C170A}
	EndGlobalSection
EndGlobal
